{
  "name": "naruto-effect-website",
  "version": "0.0.1-templates",
  "lockfileVersion": 2,
  "requires": true,
  "packages": {
    "": {
      "name": "naruto-effect-website",
      "version": "0.0.1-templates",
      "devDependencies": {
        "autoprefixer": "^10.4.14",
        "postcss": "^8.4.23",
        "postcss-csso": "^6.0.1",
        "postcss-media-minmax": "^5.0.0",
        "vite": "^4.3.0",
        "vite-plugin-handlebars": "^1.6.0"
      }
    },
    "node_modules/@esbuild/darwin-x64": {
      "version": "0.17.17",
      "resolved": "https://registry.npmjs.org/@esbuild/darwin-x64/-/darwin-x64-0.17.17.tgz",
      "integrity": "sha512-4utIrsX9IykrqYaXR8ob9Ha2hAY2qLc6ohJ8c0CN1DR8yWeMrTgYFjgdeQ9LIoTOfLetXjuCu5TRPHT9yKYJVg==",
      "cpu": [
        "x64"
      ],
      "dev": true,
      "optional": true,
      "os": [
        "darwin"
      ],
      "engines": {
        "node": ">=12"
      }
    },
    "node_modules/autoprefixer": {
      "version": "10.4.14",
      "resolved": "https://registry.npmjs.org/autoprefixer/-/autoprefixer-10.4.14.tgz",
      "integrity": "sha512-FQzyfOsTlwVzjHxKEqRIAdJx9niO6VCBCoEwax/VLSoQF29ggECcPuBqUMZ+u8jCZOPSy8b8/8KnuFbp0SaFZQ==",
      "dev": true,
      "funding": [
        {
          "type": "opencollective",
          "url": "https://opencollective.com/postcss/"
        },
        {
          "type": "tidelift",
          "url": "https://tidelift.com/funding/github/npm/autoprefixer"
        }
      ],
      "dependencies": {
        "browserslist": "^4.21.5",
        "caniuse-lite": "^1.0.30001464",
        "fraction.js": "^4.2.0",
        "normalize-range": "^0.1.2",
        "picocolors": "^1.0.0",
        "postcss-value-parser": "^4.2.0"
      },
      "bin": {
        "autoprefixer": "bin/autoprefixer"
      },
      "engines": {
        "node": "^10 || ^12 || >=14"
      },
      "peerDependencies": {
        "postcss": "^8.1.0"
      }
    },
    "node_modules/browserslist": {
      "version": "4.21.5",
      "resolved": "https://registry.npmjs.org/browserslist/-/browserslist-4.21.5.tgz",
      "integrity": "sha512-tUkiguQGW7S3IhB7N+c2MV/HZPSCPAAiYBZXLsBhFB/PCy6ZKKsZrmBayHV9fdGV/ARIfJ14NkxKzRDjvp7L6w==",
      "dev": true,
      "funding": [
        {
          "type": "opencollective",
          "url": "https://opencollective.com/browserslist"
        },
        {
          "type": "tidelift",
          "url": "https://tidelift.com/funding/github/npm/browserslist"
        }
      ],
      "dependencies": {
        "caniuse-lite": "^1.0.30001449",
        "electron-to-chromium": "^1.4.284",
        "node-releases": "^2.0.8",
        "update-browserslist-db": "^1.0.10"
      },
      "bin": {
        "browserslist": "cli.js"
      },
      "engines": {
        "node": "^6 || ^7 || ^8 || ^9 || ^10 || ^11 || ^12 || >=13.7"
      }
    },
    "node_modules/caniuse-lite": {
      "version": "1.0.30001481",
      "resolved": "https://registry.npmjs.org/caniuse-lite/-/caniuse-lite-1.0.30001481.tgz",
      "integrity": "sha512-KCqHwRnaa1InZBtqXzP98LPg0ajCVujMKjqKDhZEthIpAsJl/YEIa3YvXjGXPVqzZVguccuu7ga9KOE1J9rKPQ==",
      "dev": true,
      "funding": [
        {
          "type": "opencollective",
          "url": "https://opencollective.com/browserslist"
        },
        {
          "type": "tidelift",
          "url": "https://tidelift.com/funding/github/npm/caniuse-lite"
        },
        {
          "type": "github",
          "url": "https://github.com/sponsors/ai"
        }
      ]
    },
    "node_modules/css-tree": {
      "version": "2.2.1",
      "resolved": "https://registry.npmjs.org/css-tree/-/css-tree-2.2.1.tgz",
      "integrity": "sha512-OA0mILzGc1kCOCSJerOeqDxDQ4HOh+G8NbOJFOTgOCzpw7fCBubk0fEyxp8AgOL/jvLgYA/uV0cMbe43ElF1JA==",
      "dev": true,
      "dependencies": {
        "mdn-data": "2.0.28",
        "source-map-js": "^1.0.1"
      },
      "engines": {
        "node": "^10 || ^12.20.0 || ^14.13.0 || >=15.0.0",
        "npm": ">=7.0.0"
      }
    },
    "node_modules/csso": {
      "version": "5.0.5",
      "resolved": "https://registry.npmjs.org/csso/-/csso-5.0.5.tgz",
      "integrity": "sha512-0LrrStPOdJj+SPCCrGhzryycLjwcgUSHBtxNA8aIDxf0GLsRh1cKYhB00Gd1lDOS4yGH69+SNn13+TWbVHETFQ==",
      "dev": true,
      "dependencies": {
        "css-tree": "~2.2.0"
      },
      "engines": {
        "node": "^10 || ^12.20.0 || ^14.13.0 || >=15.0.0",
        "npm": ">=7.0.0"
      }
    },
    "node_modules/electron-to-chromium": {
      "version": "1.4.372",
      "resolved": "https://registry.npmjs.org/electron-to-chromium/-/electron-to-chromium-1.4.372.tgz",
      "integrity": "sha512-MrlFq/j+TYHOjeWsWGYfzevc25HNeJdsF6qaLFrqBTRWZQtWkb1myq/Q2veLWezVaa5OcSZ99CFwTT4aF4Mung==",
      "dev": true
    },
    "node_modules/esbuild": {
      "version": "0.17.17",
      "resolved": "https://registry.npmjs.org/esbuild/-/esbuild-0.17.17.tgz",
      "integrity": "sha512-/jUywtAymR8jR4qsa2RujlAF7Krpt5VWi72Q2yuLD4e/hvtNcFQ0I1j8m/bxq238pf3/0KO5yuXNpuLx8BE1KA==",
      "dev": true,
      "hasInstallScript": true,
      "bin": {
        "esbuild": "bin/esbuild"
      },
      "engines": {
        "node": ">=12"
      },
      "optionalDependencies": {
        "@esbuild/android-arm": "0.17.17",
        "@esbuild/android-arm64": "0.17.17",
        "@esbuild/android-x64": "0.17.17",
        "@esbuild/darwin-arm64": "0.17.17",
        "@esbuild/darwin-x64": "0.17.17",
        "@esbuild/freebsd-arm64": "0.17.17",
        "@esbuild/freebsd-x64": "0.17.17",
        "@esbuild/linux-arm": "0.17.17",
        "@esbuild/linux-arm64": "0.17.17",
        "@esbuild/linux-ia32": "0.17.17",
        "@esbuild/linux-loong64": "0.17.17",
        "@esbuild/linux-mips64el": "0.17.17",
        "@esbuild/linux-ppc64": "0.17.17",
        "@esbuild/linux-riscv64": "0.17.17",
        "@esbuild/linux-s390x": "0.17.17",
        "@esbuild/linux-x64": "0.17.17",
        "@esbuild/netbsd-x64": "0.17.17",
        "@esbuild/openbsd-x64": "0.17.17",
        "@esbuild/sunos-x64": "0.17.17",
        "@esbuild/win32-arm64": "0.17.17",
        "@esbuild/win32-ia32": "0.17.17",
        "@esbuild/win32-x64": "0.17.17"
      }
    },
    "node_modules/esbuild-darwin-64": {
      "version": "0.14.54",
      "resolved": "https://registry.npmjs.org/esbuild-darwin-64/-/esbuild-darwin-64-0.14.54.tgz",
      "integrity": "sha512-jtdKWV3nBviOd5v4hOpkVmpxsBy90CGzebpbO9beiqUYVMBtSc0AL9zGftFuBon7PNDcdvNCEuQqw2x0wP9yug==",
      "cpu": [
        "x64"
      ],
      "dev": true,
      "optional": true,
      "os": [
        "darwin"
      ],
      "engines": {
        "node": ">=12"
      }
    },
    "node_modules/escalade": {
      "version": "3.1.1",
      "resolved": "https://registry.npmjs.org/escalade/-/escalade-3.1.1.tgz",
      "integrity": "sha512-k0er2gUkLf8O0zKJiAhmkTnJlTvINGv7ygDNPbeIsX/TJjGJZHuh9B2UxbsaEkmlEo9MfhrSzmhIlhRlI2GXnw==",
      "dev": true,
      "engines": {
        "node": ">=6"
      }
    },
    "node_modules/fraction.js": {
      "version": "4.2.0",
      "resolved": "https://registry.npmjs.org/fraction.js/-/fraction.js-4.2.0.tgz",
      "integrity": "sha512-MhLuK+2gUcnZe8ZHlaaINnQLl0xRIGRfcGk2yl8xoQAfHrSsL3rYu6FCmBdkdbhc9EPlwyGHewaRsvwRMJtAlA==",
      "dev": true,
      "engines": {
        "node": "*"
      },
      "funding": {
        "type": "patreon",
        "url": "https://www.patreon.com/infusion"
      }
    },
    "node_modules/fsevents": {
      "version": "2.3.2",
      "resolved": "https://registry.npmjs.org/fsevents/-/fsevents-2.3.2.tgz",
      "integrity": "sha512-xiqMQR4xAeHTuB9uWm+fFRcIOgKBMiOBP+eXiyT7jsgVCq1bkVygt00oASowB7EdtpOHaaPgKt812P9ab+DDKA==",
      "dev": true,
      "hasInstallScript": true,
      "optional": true,
      "os": [
        "darwin"
      ],
      "engines": {
        "node": "^8.16.0 || ^10.6.0 || >=11.0.0"
      }
    },
    "node_modules/function-bind": {
      "version": "1.1.1",
      "resolved": "https://registry.npmjs.org/function-bind/-/function-bind-1.1.1.tgz",
      "integrity": "sha512-yIovAzMX49sF8Yl58fSCWJ5svSLuaibPxXQJFLmBObTuCr0Mf1KiPopGM9NiFjiYBCbfaa2Fh6breQ6ANVTI0A==",
      "dev": true
    },
    "node_modules/handlebars": {
      "version": "4.7.7",
      "resolved": "https://registry.npmjs.org/handlebars/-/handlebars-4.7.7.tgz",
      "integrity": "sha512-aAcXm5OAfE/8IXkcZvCepKU3VzW1/39Fb5ZuqMtgI/hT8X2YgoMvBY5dLhq/cpOvw7Lk1nK/UF71aLG/ZnVYRA==",
      "dev": true,
      "dependencies": {
        "minimist": "^1.2.5",
        "neo-async": "^2.6.0",
        "source-map": "^0.6.1",
        "wordwrap": "^1.0.0"
      },
      "bin": {
        "handlebars": "bin/handlebars"
      },
      "engines": {
        "node": ">=0.4.7"
      },
      "optionalDependencies": {
        "uglify-js": "^3.1.4"
      }
    },
    "node_modules/has": {
      "version": "1.0.3",
      "resolved": "https://registry.npmjs.org/has/-/has-1.0.3.tgz",
      "integrity": "sha512-f2dvO0VU6Oej7RkWJGrehjbzMAjFp5/VKPp5tTpWIV4JHHZK1/BxbFRtf/siA2SWTe09caDmVtYYzWEIbBS4zw==",
      "dev": true,
      "dependencies": {
        "function-bind": "^1.1.1"
      },
      "engines": {
        "node": ">= 0.4.0"
      }
    },
    "node_modules/is-core-module": {
      "version": "2.12.0",
      "resolved": "https://registry.npmjs.org/is-core-module/-/is-core-module-2.12.0.tgz",
      "integrity": "sha512-RECHCBCd/viahWmwj6enj19sKbHfJrddi/6cBDsNTKbNq0f7VeaUkBo60BqzvPqo/W54ChS62Z5qyun7cfOMqQ==",
      "dev": true,
      "dependencies": {
        "has": "^1.0.3"
      },
      "funding": {
        "url": "https://github.com/sponsors/ljharb"
      }
    },
    "node_modules/mdn-data": {
      "version": "2.0.28",
      "resolved": "https://registry.npmjs.org/mdn-data/-/mdn-data-2.0.28.tgz",
      "integrity": "sha512-aylIc7Z9y4yzHYAJNuESG3hfhC+0Ibp/MAMiaOZgNv4pmEdFyfZhhhny4MNiAfWdBQ1RQ2mfDWmM1x8SvGyp8g==",
      "dev": true
    },
    "node_modules/minimist": {
      "version": "1.2.8",
      "resolved": "https://registry.npmjs.org/minimist/-/minimist-1.2.8.tgz",
      "integrity": "sha512-2yyAR8qBkN3YuheJanUpWC5U3bb5osDywNB8RzDVlDwDHbocAJveqqj1u8+SVD7jkWT4yvsHCpWqqWqAxb0zCA==",
      "dev": true,
      "funding": {
        "url": "https://github.com/sponsors/ljharb"
      }
    },
    "node_modules/nanoid": {
      "version": "3.3.6",
      "resolved": "https://registry.npmjs.org/nanoid/-/nanoid-3.3.6.tgz",
      "integrity": "sha512-BGcqMMJuToF7i1rt+2PWSNVnWIkGCU78jBG3RxO/bZlnZPK2Cmi2QaffxGO/2RvWi9sL+FAiRiXMgsyxQ1DIDA==",
      "dev": true,
      "funding": [
        {
          "type": "github",
          "url": "https://github.com/sponsors/ai"
        }
      ],
      "bin": {
        "nanoid": "bin/nanoid.cjs"
      },
      "engines": {
        "node": "^10 || ^12 || ^13.7 || ^14 || >=15.0.1"
      }
    },
    "node_modules/neo-async": {
      "version": "2.6.2",
      "resolved": "https://registry.npmjs.org/neo-async/-/neo-async-2.6.2.tgz",
      "integrity": "sha512-Yd3UES5mWCSqR+qNT93S3UoYUkqAZ9lLg8a7g9rimsWmYGK8cVToA4/sF3RrshdyV3sAGMXVUmpMYOw+dLpOuw==",
      "dev": true
    },
    "node_modules/node-releases": {
      "version": "2.0.10",
      "resolved": "https://registry.npmjs.org/node-releases/-/node-releases-2.0.10.tgz",
      "integrity": "sha512-5GFldHPXVG/YZmFzJvKK2zDSzPKhEp0+ZR5SVaoSag9fsL5YgHbUHDfnG5494ISANDcK4KwPXAx2xqVEydmd7w==",
      "dev": true
    },
    "node_modules/normalize-range": {
      "version": "0.1.2",
      "resolved": "https://registry.npmjs.org/normalize-range/-/normalize-range-0.1.2.tgz",
      "integrity": "sha512-bdok/XvKII3nUpklnV6P2hxtMNrCboOjAcyBuQnWEhO665FwrSNRxU+AqpsyvO6LgGYPspN+lu5CLtw4jPRKNA==",
      "dev": true,
      "engines": {
        "node": ">=0.10.0"
      }
    },
    "node_modules/path-parse": {
      "version": "1.0.7",
      "resolved": "https://registry.npmjs.org/path-parse/-/path-parse-1.0.7.tgz",
      "integrity": "sha512-LDJzPVEEEPR+y48z93A0Ed0yXb8pAByGWo/k5YYdYgpY2/2EsOsksJrq7lOHxryrVOn1ejG6oAp8ahvOIQD8sw==",
      "dev": true
    },
    "node_modules/picocolors": {
      "version": "1.0.0",
      "resolved": "https://registry.npmjs.org/picocolors/-/picocolors-1.0.0.tgz",
      "integrity": "sha512-1fygroTLlHu66zi26VoTDv8yRgm0Fccecssto+MhsZ0D/DGW2sm8E8AjW7NU5VVTRt5GxbeZ5qBuJr+HyLYkjQ==",
      "dev": true
    },
    "node_modules/postcss": {
      "version": "8.4.23",
      "resolved": "https://registry.npmjs.org/postcss/-/postcss-8.4.23.tgz",
      "integrity": "sha512-bQ3qMcpF6A/YjR55xtoTr0jGOlnPOKAIMdOWiv0EIT6HVPEaJiJB4NLljSbiHoC2RX7DN5Uvjtpbg1NPdwv1oA==",
      "dev": true,
      "funding": [
        {
          "type": "opencollective",
          "url": "https://opencollective.com/postcss/"
        },
        {
          "type": "tidelift",
          "url": "https://tidelift.com/funding/github/npm/postcss"
        },
        {
          "type": "github",
          "url": "https://github.com/sponsors/ai"
        }
      ],
      "dependencies": {
        "nanoid": "^3.3.6",
        "picocolors": "^1.0.0",
        "source-map-js": "^1.0.2"
      },
      "engines": {
        "node": "^10 || ^12 || >=14"
      }
    },
    "node_modules/postcss-csso": {
      "version": "6.0.1",
      "resolved": "https://registry.npmjs.org/postcss-csso/-/postcss-csso-6.0.1.tgz",
      "integrity": "sha512-ZV4yEziMrx6CEiqabGLrDva0pMD7Fbw7yP+LzJvaynM4OJgTssGN6dHiMsJMJdpmNaLJltXVLsrb/5sxbFa8sA==",
      "dev": true,
      "dependencies": {
        "csso": "^5.0.5"
      },
      "engines": {
        "node": "^12.20.0 || ^14.13.0 || >=15.0.0",
        "npm": ">=7.0.0"
      },
      "peerDependencies": {
        "postcss": "^8.0.0"
      }
    },
    "node_modules/postcss-media-minmax": {
      "version": "5.0.0",
      "resolved": "https://registry.npmjs.org/postcss-media-minmax/-/postcss-media-minmax-5.0.0.tgz",
      "integrity": "sha512-yDUvFf9QdFZTuCUg0g0uNSHVlJ5X1lSzDZjPSFaiCWvjgsvu8vEVxtahPrLMinIDEEGnx6cBe6iqdx5YWz08wQ==",
      "dev": true,
      "engines": {
        "node": ">=10.0.0"
      },
      "peerDependencies": {
        "postcss": "^8.1.0"
      }
    },
    "node_modules/postcss-value-parser": {
      "version": "4.2.0",
      "resolved": "https://registry.npmjs.org/postcss-value-parser/-/postcss-value-parser-4.2.0.tgz",
      "integrity": "sha512-1NNCs6uurfkVbeXG4S8JFT9t19m45ICnif8zWLd5oPSZ50QnwMfK+H3jv408d4jw/7Bttv5axS5IiHoLaVNHeQ==",
      "dev": true
    },
    "node_modules/resolve": {
      "version": "1.22.2",
      "resolved": "https://registry.npmjs.org/resolve/-/resolve-1.22.2.tgz",
      "integrity": "sha512-Sb+mjNHOULsBv818T40qSPeRiuWLyaGMa5ewydRLFimneixmVy2zdivRl+AF6jaYPC8ERxGDmFSiqui6SfPd+g==",
      "dev": true,
      "dependencies": {
        "is-core-module": "^2.11.0",
        "path-parse": "^1.0.7",
        "supports-preserve-symlinks-flag": "^1.0.0"
      },
      "bin": {
        "resolve": "bin/resolve"
      },
      "funding": {
        "url": "https://github.com/sponsors/ljharb"
      }
    },
    "node_modules/rollup": {
      "version": "3.20.7",
      "resolved": "https://registry.npmjs.org/rollup/-/rollup-3.20.7.tgz",
      "integrity": "sha512-P7E2zezKSLhWnTz46XxjSmInrbOCiul1yf+kJccMxT56vxjHwCbDfoLbiqFgu+WQoo9ij2PkraYaBstgB2prBA==",
      "dev": true,
      "bin": {
        "rollup": "dist/bin/rollup"
      },
      "engines": {
        "node": ">=14.18.0",
        "npm": ">=8.0.0"
      },
      "optionalDependencies": {
        "fsevents": "~2.3.2"
      }
    },
    "node_modules/source-map": {
      "version": "0.6.1",
      "resolved": "https://registry.npmjs.org/source-map/-/source-map-0.6.1.tgz",
      "integrity": "sha512-UjgapumWlbMhkBgzT7Ykc5YXUT46F0iKu8SGXq0bcwP5dz/h0Plj6enJqjz1Zbq2l5WaqYnrVbwWOWMyF3F47g==",
      "dev": true,
      "engines": {
        "node": ">=0.10.0"
      }
    },
    "node_modules/source-map-js": {
      "version": "1.0.2",
      "resolved": "https://registry.npmjs.org/source-map-js/-/source-map-js-1.0.2.tgz",
      "integrity": "sha512-R0XvVJ9WusLiqTCEiGCmICCMplcCkIwwR11mOSD9CR5u+IXYdiseeEuXCVAjS54zqwkLcPNnmU4OeJ6tUrWhDw==",
      "dev": true,
      "engines": {
        "node": ">=0.10.0"
      }
    },
    "node_modules/supports-preserve-symlinks-flag": {
      "version": "1.0.0",
      "resolved": "https://registry.npmjs.org/supports-preserve-symlinks-flag/-/supports-preserve-symlinks-flag-1.0.0.tgz",
      "integrity": "sha512-ot0WnXS9fgdkgIcePe6RHNk1WA8+muPa6cSjeR3V8K27q9BB1rTE3R1p7Hv0z1ZyAc8s6Vvv8DIyWf681MAt0w==",
      "dev": true,
      "engines": {
        "node": ">= 0.4"
      },
      "funding": {
        "url": "https://github.com/sponsors/ljharb"
      }
    },
    "node_modules/uglify-js": {
      "version": "3.17.4",
      "resolved": "https://registry.npmjs.org/uglify-js/-/uglify-js-3.17.4.tgz",
      "integrity": "sha512-T9q82TJI9e/C1TAxYvfb16xO120tMVFZrGA3f9/P4424DNu6ypK103y0GPFVa17yotwSyZW5iYXgjYHkGrJW/g==",
      "dev": true,
      "optional": true,
      "bin": {
        "uglifyjs": "bin/uglifyjs"
      },
      "engines": {
        "node": ">=0.8.0"
      }
    },
    "node_modules/update-browserslist-db": {
      "version": "1.0.11",
      "resolved": "https://registry.npmjs.org/update-browserslist-db/-/update-browserslist-db-1.0.11.tgz",
      "integrity": "sha512-dCwEFf0/oT85M1fHBg4F0jtLwJrutGoHSQXCh7u4o2t1drG+c0a9Flnqww6XUKSfQMPpJBRjU8d4RXB09qtvaA==",
      "dev": true,
      "funding": [
        {
          "type": "opencollective",
          "url": "https://opencollective.com/browserslist"
        },
        {
          "type": "tidelift",
          "url": "https://tidelift.com/funding/github/npm/browserslist"
        },
        {
          "type": "github",
          "url": "https://github.com/sponsors/ai"
        }
      ],
      "dependencies": {
        "escalade": "^3.1.1",
        "picocolors": "^1.0.0"
      },
      "bin": {
        "update-browserslist-db": "cli.js"
      },
      "peerDependencies": {
        "browserslist": ">= 4.21.0"
      }
    },
    "node_modules/vite": {
      "version": "4.3.1",
      "resolved": "https://registry.npmjs.org/vite/-/vite-4.3.1.tgz",
      "integrity": "sha512-EPmfPLAI79Z/RofuMvkIS0Yr091T2ReUoXQqc5ppBX/sjFRhHKiPPF/R46cTdoci/XgeQpB23diiJxq5w30vdg==",
      "dev": true,
      "dependencies": {
        "esbuild": "^0.17.5",
        "postcss": "^8.4.21",
        "rollup": "^3.20.2"
      },
      "bin": {
        "vite": "bin/vite.js"
      },
      "engines": {
        "node": "^14.18.0 || >=16.0.0"
      },
      "optionalDependencies": {
        "fsevents": "~2.3.2"
      },
      "peerDependencies": {
        "@types/node": ">= 14",
        "less": "*",
        "sass": "*",
        "stylus": "*",
        "sugarss": "*",
        "terser": "^5.4.0"
      },
      "peerDependenciesMeta": {
        "@types/node": {
          "optional": true
        },
        "less": {
          "optional": true
        },
        "sass": {
          "optional": true
        },
        "stylus": {
          "optional": true
        },
        "sugarss": {
          "optional": true
        },
        "terser": {
          "optional": true
        }
      }
    },
    "node_modules/vite-plugin-handlebars": {
      "version": "1.6.0",
      "resolved": "https://registry.npmjs.org/vite-plugin-handlebars/-/vite-plugin-handlebars-1.6.0.tgz",
      "integrity": "sha512-/TZ2FadScvJW6fmQ+3m3stm6ns+tDZ3VAgzEkSQYQurAnaQ/3MJfidhmTXzD1Hu1iwgkI3lNuEqybzjjKemCTg==",
      "dev": true,
      "dependencies": {
        "handlebars": "^4.7.6",
        "vite": "^2.0.0"
      }
    },
    "node_modules/vite-plugin-handlebars/node_modules/esbuild": {
      "version": "0.14.54",
      "resolved": "https://registry.npmjs.org/esbuild/-/esbuild-0.14.54.tgz",
      "integrity": "sha512-Cy9llcy8DvET5uznocPyqL3BFRrFXSVqbgpMJ9Wz8oVjZlh/zUSNbPRbov0VX7VxN2JH1Oa0uNxZ7eLRb62pJA==",
      "dev": true,
      "hasInstallScript": true,
      "bin": {
        "esbuild": "bin/esbuild"
      },
      "engines": {
        "node": ">=12"
      },
      "optionalDependencies": {
        "@esbuild/linux-loong64": "0.14.54",
        "esbuild-android-64": "0.14.54",
        "esbuild-android-arm64": "0.14.54",
        "esbuild-darwin-64": "0.14.54",
        "esbuild-darwin-arm64": "0.14.54",
        "esbuild-freebsd-64": "0.14.54",
        "esbuild-freebsd-arm64": "0.14.54",
        "esbuild-linux-32": "0.14.54",
        "esbuild-linux-64": "0.14.54",
        "esbuild-linux-arm": "0.14.54",
        "esbuild-linux-arm64": "0.14.54",
        "esbuild-linux-mips64le": "0.14.54",
        "esbuild-linux-ppc64le": "0.14.54",
        "esbuild-linux-riscv64": "0.14.54",
        "esbuild-linux-s390x": "0.14.54",
        "esbuild-netbsd-64": "0.14.54",
        "esbuild-openbsd-64": "0.14.54",
        "esbuild-sunos-64": "0.14.54",
        "esbuild-windows-32": "0.14.54",
        "esbuild-windows-64": "0.14.54",
        "esbuild-windows-arm64": "0.14.54"
      }
    },
    "node_modules/vite-plugin-handlebars/node_modules/rollup": {
      "version": "2.77.3",
      "resolved": "https://registry.npmjs.org/rollup/-/rollup-2.77.3.tgz",
      "integrity": "sha512-/qxNTG7FbmefJWoeeYJFbHehJ2HNWnjkAFRKzWN/45eNBBF/r8lo992CwcJXEzyVxs5FmfId+vTSTQDb+bxA+g==",
      "dev": true,
      "bin": {
        "rollup": "dist/bin/rollup"
      },
      "engines": {
        "node": ">=10.0.0"
      },
      "optionalDependencies": {
        "fsevents": "~2.3.2"
      }
    },
    "node_modules/vite-plugin-handlebars/node_modules/vite": {
      "version": "2.9.15",
      "resolved": "https://registry.npmjs.org/vite/-/vite-2.9.15.tgz",
      "integrity": "sha512-fzMt2jK4vQ3yK56te3Kqpkaeq9DkcZfBbzHwYpobasvgYmP2SoAr6Aic05CsB4CzCZbsDv4sujX3pkEGhLabVQ==",
      "dev": true,
      "dependencies": {
        "esbuild": "^0.14.27",
        "postcss": "^8.4.13",
        "resolve": "^1.22.0",
        "rollup": ">=2.59.0 <2.78.0"
      },
      "bin": {
        "vite": "bin/vite.js"
      },
      "engines": {
        "node": ">=12.2.0"
      },
      "optionalDependencies": {
        "fsevents": "~2.3.2"
      },
      "peerDependencies": {
        "less": "*",
        "sass": "*",
        "stylus": "*"
      },
      "peerDependenciesMeta": {
        "less": {
          "optional": true
        },
        "sass": {
          "optional": true
        },
        "stylus": {
          "optional": true
        }
      }
    },
    "node_modules/wordwrap": {
      "version": "1.0.0",
      "resolved": "https://registry.npmjs.org/wordwrap/-/wordwrap-1.0.0.tgz",
      "integrity": "sha512-gvVzJFlPycKc5dZN4yPkP8w7Dc37BtP1yczEneOb4uq34pXZcvrtRTmWV8W+Ume+XCxKgbjM+nevkyFPMybd4Q==",
      "dev": true
    }
  },
  "dependencies": {
    "@esbuild/darwin-x64": {
      "version": "0.17.17",
      "resolved": "https://registry.npmjs.org/@esbuild/darwin-x64/-/darwin-x64-0.17.17.tgz",
      "integrity": "sha512-4utIrsX9IykrqYaXR8ob9Ha2hAY2qLc6ohJ8c0CN1DR8yWeMrTgYFjgdeQ9LIoTOfLetXjuCu5TRPHT9yKYJVg==",
      "dev": true,
      "optional": true
    },
    "autoprefixer": {
      "version": "10.4.14",
      "resolved": "https://registry.npmjs.org/autoprefixer/-/autoprefixer-10.4.14.tgz",
      "integrity": "sha512-FQzyfOsTlwVzjHxKEqRIAdJx9niO6VCBCoEwax/VLSoQF29ggECcPuBqUMZ+u8jCZOPSy8b8/8KnuFbp0SaFZQ==",
      "dev": true,
      "requires": {
        "browserslist": "^4.21.5",
        "caniuse-lite": "^1.0.30001464",
        "fraction.js": "^4.2.0",
        "normalize-range": "^0.1.2",
        "picocolors": "^1.0.0",
        "postcss-value-parser": "^4.2.0"
      }
    },
    "browserslist": {
      "version": "4.21.5",
      "resolved": "https://registry.npmjs.org/browserslist/-/browserslist-4.21.5.tgz",
      "integrity": "sha512-tUkiguQGW7S3IhB7N+c2MV/HZPSCPAAiYBZXLsBhFB/PCy6ZKKsZrmBayHV9fdGV/ARIfJ14NkxKzRDjvp7L6w==",
      "dev": true,
      "requires": {
        "caniuse-lite": "^1.0.30001449",
        "electron-to-chromium": "^1.4.284",
        "node-releases": "^2.0.8",
        "update-browserslist-db": "^1.0.10"
      }
    },
    "caniuse-lite": {
      "version": "1.0.30001481",
      "resolved": "https://registry.npmjs.org/caniuse-lite/-/caniuse-lite-1.0.30001481.tgz",
      "integrity": "sha512-KCqHwRnaa1InZBtqXzP98LPg0ajCVujMKjqKDhZEthIpAsJl/YEIa3YvXjGXPVqzZVguccuu7ga9KOE1J9rKPQ==",
      "dev": true
    },
    "css-tree": {
      "version": "2.2.1",
      "resolved": "https://registry.npmjs.org/css-tree/-/css-tree-2.2.1.tgz",
      "integrity": "sha512-OA0mILzGc1kCOCSJerOeqDxDQ4HOh+G8NbOJFOTgOCzpw7fCBubk0fEyxp8AgOL/jvLgYA/uV0cMbe43ElF1JA==",
      "dev": true,
      "requires": {
        "mdn-data": "2.0.28",
        "source-map-js": "^1.0.1"
      }
    },
    "csso": {
      "version": "5.0.5",
      "resolved": "https://registry.npmjs.org/csso/-/csso-5.0.5.tgz",
      "integrity": "sha512-0LrrStPOdJj+SPCCrGhzryycLjwcgUSHBtxNA8aIDxf0GLsRh1cKYhB00Gd1lDOS4yGH69+SNn13+TWbVHETFQ==",
      "dev": true,
      "requires": {
        "css-tree": "~2.2.0"
      }
    },
    "electron-to-chromium": {
      "version": "1.4.372",
      "resolved": "https://registry.npmjs.org/electron-to-chromium/-/electron-to-chromium-1.4.372.tgz",
      "integrity": "sha512-MrlFq/j+TYHOjeWsWGYfzevc25HNeJdsF6qaLFrqBTRWZQtWkb1myq/Q2veLWezVaa5OcSZ99CFwTT4aF4Mung==",
      "dev": true
    },
    "esbuild": {
      "version": "0.17.17",
      "resolved": "https://registry.npmjs.org/esbuild/-/esbuild-0.17.17.tgz",
      "integrity": "sha512-/jUywtAymR8jR4qsa2RujlAF7Krpt5VWi72Q2yuLD4e/hvtNcFQ0I1j8m/bxq238pf3/0KO5yuXNpuLx8BE1KA==",
      "dev": true,
      "requires": {
        "@esbuild/android-arm": "0.17.17",
        "@esbuild/android-arm64": "0.17.17",
        "@esbuild/android-x64": "0.17.17",
        "@esbuild/darwin-arm64": "0.17.17",
        "@esbuild/darwin-x64": "0.17.17",
        "@esbuild/freebsd-arm64": "0.17.17",
        "@esbuild/freebsd-x64": "0.17.17",
        "@esbuild/linux-arm": "0.17.17",
        "@esbuild/linux-arm64": "0.17.17",
        "@esbuild/linux-ia32": "0.17.17",
        "@esbuild/linux-loong64": "0.17.17",
        "@esbuild/linux-mips64el": "0.17.17",
        "@esbuild/linux-ppc64": "0.17.17",
        "@esbuild/linux-riscv64": "0.17.17",
        "@esbuild/linux-s390x": "0.17.17",
        "@esbuild/linux-x64": "0.17.17",
        "@esbuild/netbsd-x64": "0.17.17",
        "@esbuild/openbsd-x64": "0.17.17",
        "@esbuild/sunos-x64": "0.17.17",
        "@esbuild/win32-arm64": "0.17.17",
        "@esbuild/win32-ia32": "0.17.17",
        "@esbuild/win32-x64": "0.17.17"
      }
    },
    "esbuild-darwin-64": {
      "version": "0.14.54",
      "resolved": "https://registry.npmjs.org/esbuild-darwin-64/-/esbuild-darwin-64-0.14.54.tgz",
      "integrity": "sha512-jtdKWV3nBviOd5v4hOpkVmpxsBy90CGzebpbO9beiqUYVMBtSc0AL9zGftFuBon7PNDcdvNCEuQqw2x0wP9yug==",
      "dev": true,
      "optional": true
    },
    "escalade": {
      "version": "3.1.1",
      "resolved": "https://registry.npmjs.org/escalade/-/escalade-3.1.1.tgz",
      "integrity": "sha512-k0er2gUkLf8O0zKJiAhmkTnJlTvINGv7ygDNPbeIsX/TJjGJZHuh9B2UxbsaEkmlEo9MfhrSzmhIlhRlI2GXnw==",
      "dev": true
    },
    "fraction.js": {
      "version": "4.2.0",
      "resolved": "https://registry.npmjs.org/fraction.js/-/fraction.js-4.2.0.tgz",
      "integrity": "sha512-MhLuK+2gUcnZe8ZHlaaINnQLl0xRIGRfcGk2yl8xoQAfHrSsL3rYu6FCmBdkdbhc9EPlwyGHewaRsvwRMJtAlA==",
      "dev": true
    },
    "fsevents": {
      "version": "2.3.2",
      "resolved": "https://registry.npmjs.org/fsevents/-/fsevents-2.3.2.tgz",
      "integrity": "sha512-xiqMQR4xAeHTuB9uWm+fFRcIOgKBMiOBP+eXiyT7jsgVCq1bkVygt00oASowB7EdtpOHaaPgKt812P9ab+DDKA==",
      "dev": true,
      "optional": true
    },
    "function-bind": {
      "version": "1.1.1",
      "resolved": "https://registry.npmjs.org/function-bind/-/function-bind-1.1.1.tgz",
      "integrity": "sha512-yIovAzMX49sF8Yl58fSCWJ5svSLuaibPxXQJFLmBObTuCr0Mf1KiPopGM9NiFjiYBCbfaa2Fh6breQ6ANVTI0A==",
      "dev": true
    },
    "handlebars": {
      "version": "4.7.7",
      "resolved": "https://registry.npmjs.org/handlebars/-/handlebars-4.7.7.tgz",
      "integrity": "sha512-aAcXm5OAfE/8IXkcZvCepKU3VzW1/39Fb5ZuqMtgI/hT8X2YgoMvBY5dLhq/cpOvw7Lk1nK/UF71aLG/ZnVYRA==",
      "dev": true,
      "requires": {
        "minimist": "^1.2.5",
        "neo-async": "^2.6.0",
        "source-map": "^0.6.1",
        "uglify-js": "^3.1.4",
        "wordwrap": "^1.0.0"
      }
    },
    "has": {
      "version": "1.0.3",
      "resolved": "https://registry.npmjs.org/has/-/has-1.0.3.tgz",
      "integrity": "sha512-f2dvO0VU6Oej7RkWJGrehjbzMAjFp5/VKPp5tTpWIV4JHHZK1/BxbFRtf/siA2SWTe09caDmVtYYzWEIbBS4zw==",
      "dev": true,
      "requires": {
        "function-bind": "^1.1.1"
      }
    },
    "is-core-module": {
      "version": "2.12.0",
      "resolved": "https://registry.npmjs.org/is-core-module/-/is-core-module-2.12.0.tgz",
      "integrity": "sha512-RECHCBCd/viahWmwj6enj19sKbHfJrddi/6cBDsNTKbNq0f7VeaUkBo60BqzvPqo/W54ChS62Z5qyun7cfOMqQ==",
      "dev": true,
      "requires": {
        "has": "^1.0.3"
      }
    },
    "mdn-data": {
      "version": "2.0.28",
      "resolved": "https://registry.npmjs.org/mdn-data/-/mdn-data-2.0.28.tgz",
      "integrity": "sha512-aylIc7Z9y4yzHYAJNuESG3hfhC+0Ibp/MAMiaOZgNv4pmEdFyfZhhhny4MNiAfWdBQ1RQ2mfDWmM1x8SvGyp8g==",
      "dev": true
    },
    "minimist": {
      "version": "1.2.8",
      "resolved": "https://registry.npmjs.org/minimist/-/minimist-1.2.8.tgz",
      "integrity": "sha512-2yyAR8qBkN3YuheJanUpWC5U3bb5osDywNB8RzDVlDwDHbocAJveqqj1u8+SVD7jkWT4yvsHCpWqqWqAxb0zCA==",
      "dev": true
    },
    "nanoid": {
      "version": "3.3.6",
      "resolved": "https://registry.npmjs.org/nanoid/-/nanoid-3.3.6.tgz",
      "integrity": "sha512-BGcqMMJuToF7i1rt+2PWSNVnWIkGCU78jBG3RxO/bZlnZPK2Cmi2QaffxGO/2RvWi9sL+FAiRiXMgsyxQ1DIDA==",
      "dev": true
    },
    "neo-async": {
      "version": "2.6.2",
      "resolved": "https://registry.npmjs.org/neo-async/-/neo-async-2.6.2.tgz",
      "integrity": "sha512-Yd3UES5mWCSqR+qNT93S3UoYUkqAZ9lLg8a7g9rimsWmYGK8cVToA4/sF3RrshdyV3sAGMXVUmpMYOw+dLpOuw==",
      "dev": true
    },
    "node-releases": {
      "version": "2.0.10",
      "resolved": "https://registry.npmjs.org/node-releases/-/node-releases-2.0.10.tgz",
      "integrity": "sha512-5GFldHPXVG/YZmFzJvKK2zDSzPKhEp0+ZR5SVaoSag9fsL5YgHbUHDfnG5494ISANDcK4KwPXAx2xqVEydmd7w==",
      "dev": true
    },
    "normalize-range": {
      "version": "0.1.2",
      "resolved": "https://registry.npmjs.org/normalize-range/-/normalize-range-0.1.2.tgz",
      "integrity": "sha512-bdok/XvKII3nUpklnV6P2hxtMNrCboOjAcyBuQnWEhO665FwrSNRxU+AqpsyvO6LgGYPspN+lu5CLtw4jPRKNA==",
      "dev": true
    },
    "path-parse": {
      "version": "1.0.7",
      "resolved": "https://registry.npmjs.org/path-parse/-/path-parse-1.0.7.tgz",
      "integrity": "sha512-LDJzPVEEEPR+y48z93A0Ed0yXb8pAByGWo/k5YYdYgpY2/2EsOsksJrq7lOHxryrVOn1ejG6oAp8ahvOIQD8sw==",
      "dev": true
    },
    "picocolors": {
      "version": "1.0.0",
      "resolved": "https://registry.npmjs.org/picocolors/-/picocolors-1.0.0.tgz",
      "integrity": "sha512-1fygroTLlHu66zi26VoTDv8yRgm0Fccecssto+MhsZ0D/DGW2sm8E8AjW7NU5VVTRt5GxbeZ5qBuJr+HyLYkjQ==",
      "dev": true
    },
    "postcss": {
      "version": "8.4.23",
      "resolved": "https://registry.npmjs.org/postcss/-/postcss-8.4.23.tgz",
      "integrity": "sha512-bQ3qMcpF6A/YjR55xtoTr0jGOlnPOKAIMdOWiv0EIT6HVPEaJiJB4NLljSbiHoC2RX7DN5Uvjtpbg1NPdwv1oA==",
      "dev": true,
      "requires": {
        "nanoid": "^3.3.6",
        "picocolors": "^1.0.0",
        "source-map-js": "^1.0.2"
      }
    },
    "postcss-csso": {
      "version": "6.0.1",
      "resolved": "https://registry.npmjs.org/postcss-csso/-/postcss-csso-6.0.1.tgz",
      "integrity": "sha512-ZV4yEziMrx6CEiqabGLrDva0pMD7Fbw7yP+LzJvaynM4OJgTssGN6dHiMsJMJdpmNaLJltXVLsrb/5sxbFa8sA==",
      "dev": true,
      "requires": {
        "csso": "^5.0.5"
      }
    },
    "postcss-media-minmax": {
      "version": "5.0.0",
      "resolved": "https://registry.npmjs.org/postcss-media-minmax/-/postcss-media-minmax-5.0.0.tgz",
      "integrity": "sha512-yDUvFf9QdFZTuCUg0g0uNSHVlJ5X1lSzDZjPSFaiCWvjgsvu8vEVxtahPrLMinIDEEGnx6cBe6iqdx5YWz08wQ==",
      "dev": true,
      "requires": {}
    },
    "postcss-value-parser": {
      "version": "4.2.0",
      "resolved": "https://registry.npmjs.org/postcss-value-parser/-/postcss-value-parser-4.2.0.tgz",
      "integrity": "sha512-1NNCs6uurfkVbeXG4S8JFT9t19m45ICnif8zWLd5oPSZ50QnwMfK+H3jv408d4jw/7Bttv5axS5IiHoLaVNHeQ==",
      "dev": true
    },
    "resolve": {
      "version": "1.22.2",
      "resolved": "https://registry.npmjs.org/resolve/-/resolve-1.22.2.tgz",
      "integrity": "sha512-Sb+mjNHOULsBv818T40qSPeRiuWLyaGMa5ewydRLFimneixmVy2zdivRl+AF6jaYPC8ERxGDmFSiqui6SfPd+g==",
      "dev": true,
      "requires": {
        "is-core-module": "^2.11.0",
        "path-parse": "^1.0.7",
        "supports-preserve-symlinks-flag": "^1.0.0"
      }
    },
    "rollup": {
      "version": "3.20.7",
      "resolved": "https://registry.npmjs.org/rollup/-/rollup-3.20.7.tgz",
      "integrity": "sha512-P7E2zezKSLhWnTz46XxjSmInrbOCiul1yf+kJccMxT56vxjHwCbDfoLbiqFgu+WQoo9ij2PkraYaBstgB2prBA==",
      "dev": true,
      "requires": {
        "fsevents": "~2.3.2"
      }
    },
    "source-map": {
      "version": "0.6.1",
      "resolved": "https://registry.npmjs.org/source-map/-/source-map-0.6.1.tgz",
      "integrity": "sha512-UjgapumWlbMhkBgzT7Ykc5YXUT46F0iKu8SGXq0bcwP5dz/h0Plj6enJqjz1Zbq2l5WaqYnrVbwWOWMyF3F47g==",
      "dev": true
    },
    "source-map-js": {
      "version": "1.0.2",
      "resolved": "https://registry.npmjs.org/source-map-js/-/source-map-js-1.0.2.tgz",
      "integrity": "sha512-R0XvVJ9WusLiqTCEiGCmICCMplcCkIwwR11mOSD9CR5u+IXYdiseeEuXCVAjS54zqwkLcPNnmU4OeJ6tUrWhDw==",
      "dev": true
    },
    "supports-preserve-symlinks-flag": {
      "version": "1.0.0",
      "resolved": "https://registry.npmjs.org/supports-preserve-symlinks-flag/-/supports-preserve-symlinks-flag-1.0.0.tgz",
      "integrity": "sha512-ot0WnXS9fgdkgIcePe6RHNk1WA8+muPa6cSjeR3V8K27q9BB1rTE3R1p7Hv0z1ZyAc8s6Vvv8DIyWf681MAt0w==",
      "dev": true
    },
    "uglify-js": {
      "version": "3.17.4",
      "resolved": "https://registry.npmjs.org/uglify-js/-/uglify-js-3.17.4.tgz",
      "integrity": "sha512-T9q82TJI9e/C1TAxYvfb16xO120tMVFZrGA3f9/P4424DNu6ypK103y0GPFVa17yotwSyZW5iYXgjYHkGrJW/g==",
      "dev": true,
      "optional": true
    },
    "update-browserslist-db": {
      "version": "1.0.11",
      "resolved": "https://registry.npmjs.org/update-browserslist-db/-/update-browserslist-db-1.0.11.tgz",
      "integrity": "sha512-dCwEFf0/oT85M1fHBg4F0jtLwJrutGoHSQXCh7u4o2t1drG+c0a9Flnqww6XUKSfQMPpJBRjU8d4RXB09qtvaA==",
      "dev": true,
      "requires": {
        "escalade": "^3.1.1",
        "picocolors": "^1.0.0"
      }
    },
    "vite": {
      "version": "4.3.1",
      "resolved": "https://registry.npmjs.org/vite/-/vite-4.3.1.tgz",
      "integrity": "sha512-EPmfPLAI79Z/RofuMvkIS0Yr091T2ReUoXQqc5ppBX/sjFRhHKiPPF/R46cTdoci/XgeQpB23diiJxq5w30vdg==",
      "dev": true,
      "requires": {
        "esbuild": "^0.17.5",
        "fsevents": "~2.3.2",
        "postcss": "^8.4.21",
        "rollup": "^3.20.2"
      }
    },
    "vite-plugin-handlebars": {
      "version": "1.6.0",
      "resolved": "https://registry.npmjs.org/vite-plugin-handlebars/-/vite-plugin-handlebars-1.6.0.tgz",
      "integrity": "sha512-/TZ2FadScvJW6fmQ+3m3stm6ns+tDZ3VAgzEkSQYQurAnaQ/3MJfidhmTXzD1Hu1iwgkI3lNuEqybzjjKemCTg==",
      "dev": true,
      "requires": {
        "handlebars": "^4.7.6",
        "vite": "^2.0.0"
      },
      "dependencies": {
        "esbuild": {
          "version": "0.14.54",
          "resolved": "https://registry.npmjs.org/esbuild/-/esbuild-0.14.54.tgz",
          "integrity": "sha512-Cy9llcy8DvET5uznocPyqL3BFRrFXSVqbgpMJ9Wz8oVjZlh/zUSNbPRbov0VX7VxN2JH1Oa0uNxZ7eLRb62pJA==",
          "dev": true,
          "requires": {
            "@esbuild/linux-loong64": "0.14.54",
            "esbuild-android-64": "0.14.54",
            "esbuild-android-arm64": "0.14.54",
            "esbuild-darwin-64": "0.14.54",
            "esbuild-darwin-arm64": "0.14.54",
            "esbuild-freebsd-64": "0.14.54",
            "esbuild-freebsd-arm64": "0.14.54",
            "esbuild-linux-32": "0.14.54",
            "esbuild-linux-64": "0.14.54",
            "esbuild-linux-arm": "0.14.54",
            "esbuild-linux-arm64": "0.14.54",
            "esbuild-linux-mips64le": "0.14.54",
            "esbuild-linux-ppc64le": "0.14.54",
            "esbuild-linux-riscv64": "0.14.54",
            "esbuild-linux-s390x": "0.14.54",
            "esbuild-netbsd-64": "0.14.54",
            "esbuild-openbsd-64": "0.14.54",
            "esbuild-sunos-64": "0.14.54",
            "esbuild-windows-32": "0.14.54",
            "esbuild-windows-64": "0.14.54",
            "esbuild-windows-arm64": "0.14.54"
          }
        },
        "rollup": {
          "version": "2.77.3",
          "resolved": "https://registry.npmjs.org/rollup/-/rollup-2.77.3.tgz",
          "integrity": "sha512-/qxNTG7FbmefJWoeeYJFbHehJ2HNWnjkAFRKzWN/45eNBBF/r8lo992CwcJXEzyVxs5FmfId+vTSTQDb+bxA+g==",
          "dev": true,
          "requires": {
            "fsevents": "~2.3.2"
          }
        },
        "vite": {
          "version": "2.9.15",
          "resolved": "https://registry.npmjs.org/vite/-/vite-2.9.15.tgz",
          "integrity": "sha512-fzMt2jK4vQ3yK56te3Kqpkaeq9DkcZfBbzHwYpobasvgYmP2SoAr6Aic05CsB4CzCZbsDv4sujX3pkEGhLabVQ==",
          "dev": true,
          "requires": {
            "esbuild": "^0.14.27",
            "fsevents": "~2.3.2",
            "postcss": "^8.4.13",
            "resolve": "^1.22.0",
            "rollup": ">=2.59.0 <2.78.0"
          }
        }
      }
    },
    "wordwrap": {
      "version": "1.0.0",
      "resolved": "https://registry.npmjs.org/wordwrap/-/wordwrap-1.0.0.tgz",
      "integrity": "sha512-gvVzJFlPycKc5dZN4yPkP8w7Dc37BtP1yczEneOb4uq34pXZcvrtRTmWV8W+Ume+XCxKgbjM+nevkyFPMybd4Q==",
      "dev": true
    }
  }
}
